
Microsoft Visual Studio Solution File, Format Version 12.00
# Visual Studio Version 16
VisualStudioVersion = 16.0.28721.148
MinimumVisualStudioVersion = 10.0.40219.1
Project("{FAE04EC0-301F-11D3-BF4B-00C04F79EFBC}") = "IreckonuFileHandler", "IreckonuFileHandler\IreckonuFileHandler.csproj", "{40E68F28-C43C-45FF-88A7-63CE2B472528}"
EndProject
Project("{FAE04EC0-301F-11D3-BF4B-00C04F79EFBC}") = "IreckonuFileHandler.Core", "IreckonuFileHandler.Core\IreckonuFileHandler.Core.csproj", "{DD7670F7-2E3B-437B-9489-DEB1C539BFC9}"
EndProject
Project("{FAE04EC0-301F-11D3-BF4B-00C04F79EFBC}") = "IreckonuFileHandler.Services", "IreckonuFileHandler.Services\IreckonuFileHandler.Services.csproj", "{A265F469-7A2E-432B-8423-743268D84FA3}"
EndProject
Global
	GlobalSection(SolutionConfigurationPlatforms) = preSolution
		Debug|Any CPU = Debug|Any CPU
		Release|Any CPU = Release|Any CPU
	EndGlobalSection
	GlobalSection(ProjectConfigurationPlatforms) = postSolution
		{40E68F28-C43C-45FF-88A7-63CE2B472528}.Debug|Any CPU.ActiveCfg = Debug|Any CPU
		{40E68F28-C43C-45FF-88A7-63CE2B472528}.Debug|Any CPU.Build.0 = Debug|Any CPU
		{40E68F28-C43C-45FF-88A7-63CE2B472528}.Release|Any CPU.ActiveCfg = Release|Any CPU
		{40E68F28-C43C-45FF-88A7-63CE2B472528}.Release|Any CPU.Build.0 = Release|Any CPU
		{DD7670F7-2E3B-437B-9489-DEB1C539BFC9}.Debug|Any CPU.ActiveCfg = Debug|Any CPU
		{DD7670F7-2E3B-437B-9489-DEB1C539BFC9}.Debug|Any CPU.Build.0 = Debug|Any CPU
		{DD7670F7-2E3B-437B-9489-DEB1C539BFC9}.Release|Any CPU.ActiveCfg = Release|Any CPU
		{DD7670F7-2E3B-437B-9489-DEB1C539BFC9}.Release|Any CPU.Build.0 = Release|Any CPU
		{A265F469-7A2E-432B-8423-743268D84FA3}.Debug|Any CPU.ActiveCfg = Debug|Any CPU
		{A265F469-7A2E-432B-8423-743268D84FA3}.Debug|Any CPU.Build.0 = Debug|Any CPU
		{A265F469-7A2E-432B-8423-743268D84FA3}.Release|Any CPU.ActiveCfg = Release|Any CPU
		{A265F469-7A2E-432B-8423-743268D84FA3}.Release|Any CPU.Build.0 = Release|Any CPU
	EndGlobalSection
	GlobalSection(SolutionProperties) = preSolution
		HideSolutionNode = FALSE
	EndGlobalSection
	GlobalSection(ExtensibilityGlobals) = postSolution
		SolutionGuid = {F54C347A-091D-44B6-915A-7F04D655BBF6}
	EndGlobalSection
EndGlobal
